{
  "name": "loader",
  "version": "1.0.0",
  "lockfileVersion": 1,
  "requires": true,
  "dependencies": {
    "@types/node": {
      "version": "10.12.21",
      "resolved": "https://registry.npmjs.org/@types/node/-/node-10.12.21.tgz",
      "integrity": "sha512-CBgLNk4o3XMnqMc0rhb6lc77IwShMEglz05deDcn2lQxyXEZivfwgYJu7SMha9V5XcrP6qZuevTHV/QrN2vjKQ==",
      "dev": true
    },
    "chewie-pics": {
      "version": "1.0.7",
      "resolved": "https://registry.npmjs.org/chewie-pics/-/chewie-pics-1.0.7.tgz",
      "integrity": "sha512-+hEeJGk/2JIDS0KE4qAnJR7dztxsyJ23cu+OLQQfC0cCQgRN6KRxwGqQgswmj1ZyPAi01TPFtlHwwHQMngTSRA=="
    },
    "classnames": {
      "version": "2.2.6",
      "resolved": "https://registry.npmjs.org/classnames/-/classnames-2.2.6.tgz",
      "integrity": "sha512-JR/iSQOSt+LQIWwrwEzJ9uk0xfN3mTVYMwt1Ir5mUcSN6pU+V4zQFFaJsclJbPuAUQH+yfWef6tm7l1quW3C8Q=="
    }
  }
}
